
Microsoft Visual Studio Solution File, Format Version 12.00
# Visual Studio Version 16
VisualStudioVersion = 16.0.30907.101
MinimumVisualStudioVersion = 10.0.40219.1
Project("{9A19103F-16F7-4668-BE54-9A1E7A4F7556}") = "RegexExample", "RegexExample\RegexExample.csproj", "{AC28DBD3-188B-41E9-8084-1754900A60DC}"
EndProject
Project("{FAE04EC0-301F-11D3-BF4B-00C04F79EFBC}") = "UnitTestProject1", "UnitTestProject1\UnitTestProject1.csproj", "{3F52EEF4-F445-4530-8353-81475C3304C5}"
EndProject
Global
	GlobalSection(SolutionConfigurationPlatforms) = preSolution
		Debug|Any CPU = Debug|Any CPU
		Release|Any CPU = Release|Any CPU
	EndGlobalSection
	GlobalSection(ProjectConfigurationPlatforms) = postSolution
		{AC28DBD3-188B-41E9-8084-1754900A60DC}.Debug|Any CPU.ActiveCfg = Debug|Any CPU
		{AC28DBD3-188B-41E9-8084-1754900A60DC}.Debug|Any CPU.Build.0 = Debug|Any CPU
		{AC28DBD3-188B-41E9-8084-1754900A60DC}.Release|Any CPU.ActiveCfg = Release|Any CPU
		{AC28DBD3-188B-41E9-8084-1754900A60DC}.Release|Any CPU.Build.0 = Release|Any CPU
		{3F52EEF4-F445-4530-8353-81475C3304C5}.Debug|Any CPU.ActiveCfg = Debug|Any CPU
		{3F52EEF4-F445-4530-8353-81475C3304C5}.Debug|Any CPU.Build.0 = Debug|Any CPU
		{3F52EEF4-F445-4530-8353-81475C3304C5}.Release|Any CPU.ActiveCfg = Release|Any CPU
		{3F52EEF4-F445-4530-8353-81475C3304C5}.Release|Any CPU.Build.0 = Release|Any CPU
	EndGlobalSection
	GlobalSection(SolutionProperties) = preSolution
		HideSolutionNode = FALSE
	EndGlobalSection
	GlobalSection(ExtensibilityGlobals) = postSolution
		SolutionGuid = {BF184C00-35BF-4A30-8734-9299E5A78DE0}
	EndGlobalSection
EndGlobal
